
Microsoft Visual Studio Solution File, Format Version 12.00
# Visual Studio Version 17
VisualStudioVersion = 17.8.34316.72
MinimumVisualStudioVersion = 10.0.40219.1
Project("{FAE04EC0-301F-11D3-BF4B-00C04F79EFBC}") = "Vinyl.TaskPlanner.ConsoleRunner", "Vinyl.TaskPlanner.ConsoleRunner\Vinyl.TaskPlanner.ConsoleRunner.csproj", "{E4EC5B50-6740-4513-B399-B00EC10F9E68}"
EndProject
Project("{FAE04EC0-301F-11D3-BF4B-00C04F79EFBC}") = "Vinyl.TaskPlanner.Domain.Models", "Vinyl.TaskPlanner.Domain.Models\Vinyl.TaskPlanner.Domain.Models.csproj", "{CFE1DCDC-91B9-4C99-AE48-13B1EAD65442}"
EndProject
Project("{FAE04EC0-301F-11D3-BF4B-00C04F79EFBC}") = "Vinyl.TaskPlanner.Domain.Logic", "Vinyl.TaskPlanner.Domain.Logic\Vinyl.TaskPlanner.Domain.Logic.csproj", "{47236C68-A314-4303-9FAC-6A9F743EDD90}"
EndProject
Project("{FAE04EC0-301F-11D3-BF4B-00C04F79EFBC}") = "Vinyl.TaskPlanner.DataAccess.Abstractions", "Vinyl.TaskPlanner.DataAccess.Abstractions\Vinyl.TaskPlanner.DataAccess.Abstractions.csproj", "{362DC336-EB5F-4319-99AE-03CD5BD5815B}"
EndProject
Project("{FAE04EC0-301F-11D3-BF4B-00C04F79EFBC}") = "Vinyl.TaskPlanner.DataAccess", "Vinyl.TaskPlanner.DataAccess\Vinyl.TaskPlanner.DataAccess.csproj", "{30C71FE0-C0CF-400F-847F-C6E0A64014FF}"
EndProject
Project("{FAE04EC0-301F-11D3-BF4B-00C04F79EFBC}") = "Vinyl.TaskPlanner.Domain.Logic.Tests", "Vinyl.TaskPlanner.Domain.Logic.Tests\Vinyl.TaskPlanner.Domain.Logic.Tests.csproj", "{6D755380-3109-4536-B4BA-82C6624912E8}"
EndProject
Project("{2150E333-8FDC-42A3-9474-1A3956D46DE8}") = "ConsoleRunner", "ConsoleRunner", "{F3393BDC-0FFB-45AF-BA7B-281BA8991524}"
EndProject
Project("{2150E333-8FDC-42A3-9474-1A3956D46DE8}") = "DataAccess", "DataAccess", "{2BF43943-DED3-4700-B16A-18066A2E0740}"
EndProject
Project("{2150E333-8FDC-42A3-9474-1A3956D46DE8}") = "Domain", "Domain", "{F7776B41-F153-4F97-97DC-1A2231DD6013}"
EndProject
Project("{2150E333-8FDC-42A3-9474-1A3956D46DE8}") = "Tests", "Tests", "{2934B2E2-24A0-40F4-9895-0B32848A2BB6}"
EndProject
Global
	GlobalSection(SolutionConfigurationPlatforms) = preSolution
		Debug|Any CPU = Debug|Any CPU
		Release|Any CPU = Release|Any CPU
	EndGlobalSection
	GlobalSection(ProjectConfigurationPlatforms) = postSolution
		{E4EC5B50-6740-4513-B399-B00EC10F9E68}.Debug|Any CPU.ActiveCfg = Debug|Any CPU
		{E4EC5B50-6740-4513-B399-B00EC10F9E68}.Debug|Any CPU.Build.0 = Debug|Any CPU
		{E4EC5B50-6740-4513-B399-B00EC10F9E68}.Release|Any CPU.ActiveCfg = Release|Any CPU
		{E4EC5B50-6740-4513-B399-B00EC10F9E68}.Release|Any CPU.Build.0 = Release|Any CPU
		{CFE1DCDC-91B9-4C99-AE48-13B1EAD65442}.Debug|Any CPU.ActiveCfg = Debug|Any CPU
		{CFE1DCDC-91B9-4C99-AE48-13B1EAD65442}.Debug|Any CPU.Build.0 = Debug|Any CPU
		{CFE1DCDC-91B9-4C99-AE48-13B1EAD65442}.Release|Any CPU.ActiveCfg = Release|Any CPU
		{CFE1DCDC-91B9-4C99-AE48-13B1EAD65442}.Release|Any CPU.Build.0 = Release|Any CPU
		{47236C68-A314-4303-9FAC-6A9F743EDD90}.Debug|Any CPU.ActiveCfg = Debug|Any CPU
		{47236C68-A314-4303-9FAC-6A9F743EDD90}.Debug|Any CPU.Build.0 = Debug|Any CPU
		{47236C68-A314-4303-9FAC-6A9F743EDD90}.Release|Any CPU.ActiveCfg = Release|Any CPU
		{47236C68-A314-4303-9FAC-6A9F743EDD90}.Release|Any CPU.Build.0 = Release|Any CPU
		{362DC336-EB5F-4319-99AE-03CD5BD5815B}.Debug|Any CPU.ActiveCfg = Debug|Any CPU
		{362DC336-EB5F-4319-99AE-03CD5BD5815B}.Debug|Any CPU.Build.0 = Debug|Any CPU
		{362DC336-EB5F-4319-99AE-03CD5BD5815B}.Release|Any CPU.ActiveCfg = Release|Any CPU
		{362DC336-EB5F-4319-99AE-03CD5BD5815B}.Release|Any CPU.Build.0 = Release|Any CPU
		{30C71FE0-C0CF-400F-847F-C6E0A64014FF}.Debug|Any CPU.ActiveCfg = Debug|Any CPU
		{30C71FE0-C0CF-400F-847F-C6E0A64014FF}.Debug|Any CPU.Build.0 = Debug|Any CPU
		{30C71FE0-C0CF-400F-847F-C6E0A64014FF}.Release|Any CPU.ActiveCfg = Release|Any CPU
		{30C71FE0-C0CF-400F-847F-C6E0A64014FF}.Release|Any CPU.Build.0 = Release|Any CPU
		{6D755380-3109-4536-B4BA-82C6624912E8}.Debug|Any CPU.ActiveCfg = Debug|Any CPU
		{6D755380-3109-4536-B4BA-82C6624912E8}.Debug|Any CPU.Build.0 = Debug|Any CPU
		{6D755380-3109-4536-B4BA-82C6624912E8}.Release|Any CPU.ActiveCfg = Release|Any CPU
		{6D755380-3109-4536-B4BA-82C6624912E8}.Release|Any CPU.Build.0 = Release|Any CPU
	EndGlobalSection
	GlobalSection(SolutionProperties) = preSolution
		HideSolutionNode = FALSE
	EndGlobalSection
	GlobalSection(NestedProjects) = preSolution
		{E4EC5B50-6740-4513-B399-B00EC10F9E68} = {F3393BDC-0FFB-45AF-BA7B-281BA8991524}
		{CFE1DCDC-91B9-4C99-AE48-13B1EAD65442} = {F7776B41-F153-4F97-97DC-1A2231DD6013}
		{47236C68-A314-4303-9FAC-6A9F743EDD90} = {F7776B41-F153-4F97-97DC-1A2231DD6013}
		{362DC336-EB5F-4319-99AE-03CD5BD5815B} = {2BF43943-DED3-4700-B16A-18066A2E0740}
		{30C71FE0-C0CF-400F-847F-C6E0A64014FF} = {2BF43943-DED3-4700-B16A-18066A2E0740}
		{6D755380-3109-4536-B4BA-82C6624912E8} = {2934B2E2-24A0-40F4-9895-0B32848A2BB6}
	EndGlobalSection
	GlobalSection(ExtensibilityGlobals) = postSolution
		SolutionGuid = {72970CEB-ACBD-46EB-AB77-C2F150EE529C}
	EndGlobalSection
EndGlobal
